
Microsoft Visual Studio Solution File, Format Version 12.00
# Visual Studio Version 17
VisualStudioVersion = 17.5.002.0
MinimumVisualStudioVersion = 10.0.40219.1
Project("{9A19103F-16F7-4668-BE54-9A1E7A4F7556}") = "cockpit-runner", "cockpit-runner.csproj", "{B255B309-7A7C-4037-9C80-F804C3807169}"
EndProject
Global
	GlobalSection(SolutionConfigurationPlatforms) = preSolution
		Debug|Any CPU = Debug|Any CPU
		Release|Any CPU = Release|Any CPU
	EndGlobalSection
	GlobalSection(ProjectConfigurationPlatforms) = postSolution
		{B255B309-7A7C-4037-9C80-F804C3807169}.Debug|Any CPU.ActiveCfg = Debug|Any CPU
		{B255B309-7A7C-4037-9C80-F804C3807169}.Debug|Any CPU.Build.0 = Debug|Any CPU
		{B255B309-7A7C-4037-9C80-F804C3807169}.Release|Any CPU.ActiveCfg = Release|Any CPU
		{B255B309-7A7C-4037-9C80-F804C3807169}.Release|Any CPU.Build.0 = Release|Any CPU
	EndGlobalSection
	GlobalSection(SolutionProperties) = preSolution
		HideSolutionNode = FALSE
	EndGlobalSection
	GlobalSection(ExtensibilityGlobals) = postSolution
		SolutionGuid = {3A75923C-9663-43E4-B1E5-D105A80D3FC9}
	EndGlobalSection
EndGlobal
